{
    "_readme": [
        "This file locks the dependencies of your project to a known state",
        "Read more about it at https://getcomposer.org/doc/01-basic-usage.md#composer-lock-the-lock-file",
        "This file is @generated automatically"
    ],
    "content-hash": "1ebeee57f0ae6825a833fa1106703eda",
    "packages": [
        {
            "name": "icellus/package",
            "version": "dev-master",
            "dist": {
                "type": "path",
                "url": "D:/wamp/www/package",
                "reference": "ec582f4fafe67f43b6ece86ff6cde5778dd5df59",
                "shasum": null
            },
            "type": "library",
            "authors": [
                {
                    "name": "icellus",
                    "email": "icellus@github.com"
                }
            ]
        }
    ],
    "packages-dev": [],
    "aliases": [],
    "minimum-stability": "stable",
    "stability-flags": {
        "icellus/package": 20
    },
    "prefer-stable": false,
    "prefer-lowest": false,
    "platform": [],
    "platform-dev": []
}
